// !$*UTF8*$!
{
	archiveVersion = 1;
	classes = {
	};
	objectVersion = 50;
	objects = {

/* Begin PBXBuildFile section */
		0E20462425F3827E00BAFDA1 /* main.swift in Sources */ = {isa = PBXBuildFile; fileRef = 0E20462325F3827E00BAFDA1 /* main.swift */; };
		0E20463025F3831300BAFDA1 /* ConsoleIO.swift in Sources */ = {isa = PBXBuildFile; fileRef = 0E20462F25F3831300BAFDA1 /* ConsoleIO.swift */; };
		0E20463325F3889D00BAFDA1 /* Token.swift in Sources */ = {isa = PBXBuildFile; fileRef = 0E20463225F3889D00BAFDA1 /* Token.swift */; };
		0E20464C25F3918E00BAFDA1 /* monkey_testing.swift in Sources */ = {isa = PBXBuildFile; fileRef = 0E20464B25F3918E00BAFDA1 /* monkey_testing.swift */; };
		0E20465525F391C400BAFDA1 /* Lexer.swift in Sources */ = {isa = PBXBuildFile; fileRef = 0E20465425F391C400BAFDA1 /* Lexer.swift */; };
		0E5CC39A25F3B6220017D01C /* TokenType.swift in Sources */ = {isa = PBXBuildFile; fileRef = 0E5CC39925F3B6220017D01C /* TokenType.swift */; };
		0E5CC39F25F3C3E00017D01C /* Repl.swift in Sources */ = {isa = PBXBuildFile; fileRef = 0E5CC39E25F3C3E00017D01C /* Repl.swift */; };
/* End PBXBuildFile section */

/* Begin PBXCopyFilesBuildPhase section */
		0E20461E25F3827E00BAFDA1 /* CopyFiles */ = {
			isa = PBXCopyFilesBuildPhase;
			buildActionMask = 2147483647;
			dstPath = /usr/share/man/man1/;
			dstSubfolderSpec = 0;
			files = (
			);
			runOnlyForDeploymentPostprocessing = 1;
		};
/* End PBXCopyFilesBuildPhase section */

/* Begin PBXFileReference section */
		0E20462025F3827E00BAFDA1 /* monkey-swift */ = {isa = PBXFileReference; explicitFileType = "compiled.mach-o.executable"; includeInIndex = 0; path = "monkey-swift"; sourceTree = BUILT_PRODUCTS_DIR; };
		0E20462325F3827E00BAFDA1 /* main.swift */ = {isa = PBXFileReference; lastKnownFileType = sourcecode.swift; path = main.swift; sourceTree = "<group>"; };
		0E20462F25F3831300BAFDA1 /* ConsoleIO.swift */ = {isa = PBXFileReference; fileEncoding = 4; lastKnownFileType = sourcecode.swift; path = ConsoleIO.swift; sourceTree = "<group>"; };
		0E20463225F3889D00BAFDA1 /* Token.swift */ = {isa = PBXFileReference; lastKnownFileType = sourcecode.swift; path = Token.swift; sourceTree = SOURCE_ROOT; };
		0E20463925F3909200BAFDA1 /* monkey-swift-test.xctest */ = {isa = PBXFileReference; explicitFileType = wrapper.cfbundle; includeInIndex = 0; path = "monkey-swift-test.xctest"; sourceTree = BUILT_PRODUCTS_DIR; };
		0E20464925F3918E00BAFDA1 /* monkey-testing.xctest */ = {isa = PBXFileReference; explicitFileType = wrapper.cfbundle; includeInIndex = 0; path = "monkey-testing.xctest"; sourceTree = BUILT_PRODUCTS_DIR; };
		0E20464B25F3918E00BAFDA1 /* monkey_testing.swift */ = {isa = PBXFileReference; lastKnownFileType = sourcecode.swift; path = monkey_testing.swift; sourceTree = "<group>"; };
		0E20464D25F3918E00BAFDA1 /* Info.plist */ = {isa = PBXFileReference; lastKnownFileType = text.plist.xml; path = Info.plist; sourceTree = "<group>"; };
		0E20465425F391C400BAFDA1 /* Lexer.swift */ = {isa = PBXFileReference; lastKnownFileType = sourcecode.swift; path = Lexer.swift; sourceTree = "<group>"; };
		0E5CC39925F3B6220017D01C /* TokenType.swift */ = {isa = PBXFileReference; lastKnownFileType = sourcecode.swift; path = TokenType.swift; sourceTree = "<group>"; };
		0E5CC39E25F3C3E00017D01C /* Repl.swift */ = {isa = PBXFileReference; lastKnownFileType = sourcecode.swift; path = Repl.swift; sourceTree = "<group>"; };
/* End PBXFileReference section */

/* Begin PBXFrameworksBuildPhase section */
		0E20461D25F3827E00BAFDA1 /* Frameworks */ = {
			isa = PBXFrameworksBuildPhase;
			buildActionMask = 2147483647;
			files = (
			);
			runOnlyForDeploymentPostprocessing = 0;
		};
		0E20463625F3909200BAFDA1 /* Frameworks */ = {
			isa = PBXFrameworksBuildPhase;
			buildActionMask = 2147483647;
			files = (
			);
			runOnlyForDeploymentPostprocessing = 0;
		};
		0E20464625F3918E00BAFDA1 /* Frameworks */ = {
			isa = PBXFrameworksBuildPhase;
			buildActionMask = 2147483647;
			files = (
			);
			runOnlyForDeploymentPostprocessing = 0;
		};
/* End PBXFrameworksBuildPhase section */

/* Begin PBXGroup section */
		0E20461725F3827E00BAFDA1 = {
			isa = PBXGroup;
			children = (
				0E20462225F3827E00BAFDA1 /* monkey-swift */,
				0E20464A25F3918E00BAFDA1 /* monkey-testing */,
				0E20462125F3827E00BAFDA1 /* Products */,
			);
			sourceTree = "<group>";
		};
		0E20462125F3827E00BAFDA1 /* Products */ = {
			isa = PBXGroup;
			children = (
				0E20462025F3827E00BAFDA1 /* monkey-swift */,
				0E20463925F3909200BAFDA1 /* monkey-swift-test.xctest */,
				0E20464925F3918E00BAFDA1 /* monkey-testing.xctest */,
			);
			name = Products;
			sourceTree = "<group>";
		};
		0E20462225F3827E00BAFDA1 /* monkey-swift */ = {
			isa = PBXGroup;
			children = (
				0E20462E25F382FA00BAFDA1 /* Repl */,
				0E20462D25F382EC00BAFDA1 /* Token */,
				0E20462C25F382DA00BAFDA1 /* Lexer */,
				0E20462325F3827E00BAFDA1 /* main.swift */,
			);
			path = "monkey-swift";
			sourceTree = "<group>";
		};
		0E20462C25F382DA00BAFDA1 /* Lexer */ = {
			isa = PBXGroup;
			children = (
				0E20465425F391C400BAFDA1 /* Lexer.swift */,
			);
			path = Lexer;
			sourceTree = "<group>";
		};
		0E20462D25F382EC00BAFDA1 /* Token */ = {
			isa = PBXGroup;
			children = (
				0E20463225F3889D00BAFDA1 /* Token.swift */,
				0E5CC39925F3B6220017D01C /* TokenType.swift */,
			);
			path = Token;
			sourceTree = "<group>";
		};
		0E20462E25F382FA00BAFDA1 /* Repl */ = {
			isa = PBXGroup;
			children = (
				0E20462F25F3831300BAFDA1 /* ConsoleIO.swift */,
				0E5CC39E25F3C3E00017D01C /* Repl.swift */,
			);
			path = Repl;
			sourceTree = "<group>";
		};
		0E20464A25F3918E00BAFDA1 /* monkey-testing */ = {
			isa = PBXGroup;
			children = (
				0E20464B25F3918E00BAFDA1 /* monkey_testing.swift */,
				0E20464D25F3918E00BAFDA1 /* Info.plist */,
			);
			path = "monkey-testing";
			sourceTree = "<group>";
		};
/* End PBXGroup section */

/* Begin PBXNativeTarget section */
		0E20461F25F3827E00BAFDA1 /* monkey-swift */ = {
			isa = PBXNativeTarget;
			buildConfigurationList = 0E20462725F3827F00BAFDA1 /* Build configuration list for PBXNativeTarget "monkey-swift" */;
			buildPhases = (
				0E20461C25F3827E00BAFDA1 /* Sources */,
				0E20461D25F3827E00BAFDA1 /* Frameworks */,
				0E20461E25F3827E00BAFDA1 /* CopyFiles */,
			);
			buildRules = (
			);
			dependencies = (
			);
			name = "monkey-swift";
			productName = "monkey-swift";
			productReference = 0E20462025F3827E00BAFDA1 /* monkey-swift */;
			productType = "com.apple.product-type.tool";
		};
		0E20463825F3909200BAFDA1 /* monkey-swift-test */ = {
			isa = PBXNativeTarget;
			buildConfigurationList = 0E20463E25F3909200BAFDA1 /* Build configuration list for PBXNativeTarget "monkey-swift-test" */;
			buildPhases = (
				0E20463525F3909200BAFDA1 /* Sources */,
				0E20463625F3909200BAFDA1 /* Frameworks */,
				0E20463725F3909200BAFDA1 /* Resources */,
			);
			buildRules = (
			);
			dependencies = (
			);
			name = "monkey-swift-test";
			productName = "monkey-swift-test";
			productReference = 0E20463925F3909200BAFDA1 /* monkey-swift-test.xctest */;
			productType = "com.apple.product-type.bundle.unit-test";
		};
		0E20464825F3918E00BAFDA1 /* monkey-testing */ = {
			isa = PBXNativeTarget;
			buildConfigurationList = 0E20464E25F3918E00BAFDA1 /* Build configuration list for PBXNativeTarget "monkey-testing" */;
			buildPhases = (
				0E20464525F3918E00BAFDA1 /* Sources */,
				0E20464625F3918E00BAFDA1 /* Frameworks */,
				0E20464725F3918E00BAFDA1 /* Resources */,
			);
			buildRules = (
			);
			dependencies = (
			);
			name = "monkey-testing";
			productName = "monkey-testing";
			productReference = 0E20464925F3918E00BAFDA1 /* monkey-testing.xctest */;
			productType = "com.apple.product-type.bundle.unit-test";
		};
/* End PBXNativeTarget section */

/* Begin PBXProject section */
		0E20461825F3827E00BAFDA1 /* Project object */ = {
			isa = PBXProject;
			attributes = {
				LastSwiftUpdateCheck = 1240;
				LastUpgradeCheck = 1240;
				TargetAttributes = {
					0E20461F25F3827E00BAFDA1 = {
						CreatedOnToolsVersion = 12.4;
					};
					0E20463825F3909200BAFDA1 = {
						CreatedOnToolsVersion = 12.4;
						LastSwiftMigration = 1240;
					};
					0E20464825F3918E00BAFDA1 = {
						CreatedOnToolsVersion = 12.4;
					};
				};
			};
			buildConfigurationList = 0E20461B25F3827E00BAFDA1 /* Build configuration list for PBXProject "monkey-swift" */;
			compatibilityVersion = "Xcode 9.3";
			developmentRegion = en;
			hasScannedForEncodings = 0;
			knownRegions = (
				en,
				Base,
			);
			mainGroup = 0E20461725F3827E00BAFDA1;
			productRefGroup = 0E20462125F3827E00BAFDA1 /* Products */;
			projectDirPath = "";
			projectRoot = "";
			targets = (
				0E20461F25F3827E00BAFDA1 /* monkey-swift */,
				0E20463825F3909200BAFDA1 /* monkey-swift-test */,
				0E20464825F3918E00BAFDA1 /* monkey-testing */,
			);
		};
/* End PBXProject section */

/* Begin PBXResourcesBuildPhase section */
		0E20463725F3909200BAFDA1 /* Resources */ = {
			isa = PBXResourcesBuildPhase;
			buildActionMask = 2147483647;
			files = (
			);
			runOnlyForDeploymentPostprocessing = 0;
		};
		0E20464725F3918E00BAFDA1 /* Resources */ = {
			isa = PBXResourcesBuildPhase;
			buildActionMask = 2147483647;
			files = (
			);
			runOnlyForDeploymentPostprocessing = 0;
		};
/* End PBXResourcesBuildPhase section */

/* Begin PBXSourcesBuildPhase section */
		0E20461C25F3827E00BAFDA1 /* Sources */ = {
			isa = PBXSourcesBuildPhase;
			buildActionMask = 2147483647;
			files = (
				0E5CC39F25F3C3E00017D01C /* Repl.swift in Sources */,
				0E20463325F3889D00BAFDA1 /* Token.swift in Sources */,
				0E20462425F3827E00BAFDA1 /* main.swift in Sources */,
				0E20465525F391C400BAFDA1 /* Lexer.swift in Sources */,
				0E20463025F3831300BAFDA1 /* ConsoleIO.swift in Sources */,
				0E5CC39A25F3B6220017D01C /* TokenType.swift in Sources */,
			);
			runOnlyForDeploymentPostprocessing = 0;
		};
		0E20463525F3909200BAFDA1 /* Sources */ = {
			isa = PBXSourcesBuildPhase;
			buildActionMask = 2147483647;
			files = (
			);
			runOnlyForDeploymentPostprocessing = 0;
		};
		0E20464525F3918E00BAFDA1 /* Sources */ = {
			isa = PBXSourcesBuildPhase;
			buildActionMask = 2147483647;
			files = (
				0E20464C25F3918E00BAFDA1 /* monkey_testing.swift in Sources */,
			);
			runOnlyForDeploymentPostprocessing = 0;
		};
/* End PBXSourcesBuildPhase section */

/* Begin XCBuildConfiguration section */
		0E20462525F3827F00BAFDA1 /* Debug */ = {
			isa = XCBuildConfiguration;
			buildSettings = {
				ALWAYS_SEARCH_USER_PATHS = NO;
				CLANG_ANALYZER_NONNULL = YES;
				CLANG_ANALYZER_NUMBER_OBJECT_CONVERSION = YES_AGGRESSIVE;
				CLANG_CXX_LANGUAGE_STANDARD = "gnu++14";
				CLANG_CXX_LIBRARY = "libc++";
				CLANG_ENABLE_MODULES = YES;
				CLANG_ENABLE_OBJC_ARC = YES;
				CLANG_ENABLE_OBJC_WEAK = YES;
				CLANG_WARN_BLOCK_CAPTURE_AUTORELEASING = YES;
				CLANG_WARN_BOOL_CONVERSION = YES;
				CLANG_WARN_COMMA = YES;
				CLANG_WARN_CONSTANT_CONVERSION = YES;
				CLANG_WARN_DEPRECATED_OBJC_IMPLEMENTATIONS = YES;
				CLANG_WARN_DIRECT_OBJC_ISA_USAGE = YES_ERROR;
				CLANG_WARN_DOCUMENTATION_COMMENTS = YES;
				CLANG_WARN_EMPTY_BODY = YES;
				CLANG_WARN_ENUM_CONVERSION = YES;
				CLANG_WARN_INFINITE_RECURSION = YES;
				CLANG_WARN_INT_CONVERSION = YES;
				CLANG_WARN_NON_LITERAL_NULL_CONVERSION = YES;
				CLANG_WARN_OBJC_IMPLICIT_RETAIN_SELF = YES;
				CLANG_WARN_OBJC_LITERAL_CONVERSION = YES;
				CLANG_WARN_OBJC_ROOT_CLASS = YES_ERROR;
				CLANG_WARN_QUOTED_INCLUDE_IN_FRAMEWORK_HEADER = YES;
				CLANG_WARN_RANGE_LOOP_ANALYSIS = YES;
				CLANG_WARN_STRICT_PROTOTYPES = YES;
				CLANG_WARN_SUSPICIOUS_MOVE = YES;
				CLANG_WARN_UNGUARDED_AVAILABILITY = YES_AGGRESSIVE;
				CLANG_WARN_UNREACHABLE_CODE = YES;
				CLANG_WARN__DUPLICATE_METHOD_MATCH = YES;
				COPY_PHASE_STRIP = NO;
				DEBUG_INFORMATION_FORMAT = dwarf;
				ENABLE_STRICT_OBJC_MSGSEND = YES;
				ENABLE_TESTABILITY = YES;
				GCC_C_LANGUAGE_STANDARD = gnu11;
				GCC_DYNAMIC_NO_PIC = NO;
				GCC_NO_COMMON_BLOCKS = YES;
				GCC_OPTIMIZATION_LEVEL = 0;
				GCC_PREPROCESSOR_DEFINITIONS = (
					"DEBUG=1",
					"$(inherited)",
				);
				GCC_WARN_64_TO_32_BIT_CONVERSION = YES;
				GCC_WARN_ABOUT_RETURN_TYPE = YES_ERROR;
				GCC_WARN_UNDECLARED_SELECTOR = YES;
				GCC_WARN_UNINITIALIZED_AUTOS = YES_AGGRESSIVE;
				GCC_WARN_UNUSED_FUNCTION = YES;
				GCC_WARN_UNUSED_VARIABLE = YES;
				MACOSX_DEPLOYMENT_TARGET = 11.1;
				MTL_ENABLE_DEBUG_INFO = INCLUDE_SOURCE;
				MTL_FAST_MATH = YES;
				ONLY_ACTIVE_ARCH = YES;
				SDKROOT = macosx;
				SWIFT_ACTIVE_COMPILATION_CONDITIONS = DEBUG;
				SWIFT_OPTIMIZATION_LEVEL = "-Onone";
			};
			name = Debug;
		};
		0E20462625F3827F00BAFDA1 /* Release */ = {
			isa = XCBuildConfiguration;
			buildSettings = {
				ALWAYS_SEARCH_USER_PATHS = NO;
				CLANG_ANALYZER_NONNULL = YES;
				CLANG_ANALYZER_NUMBER_OBJECT_CONVERSION = YES_AGGRESSIVE;
				CLANG_CXX_LANGUAGE_STANDARD = "gnu++14";
				CLANG_CXX_LIBRARY = "libc++";
				CLANG_ENABLE_MODULES = YES;
				CLANG_ENABLE_OBJC_ARC = YES;
				CLANG_ENABLE_OBJC_WEAK = YES;
				CLANG_WARN_BLOCK_CAPTURE_AUTORELEASING = YES;
				CLANG_WARN_BOOL_CONVERSION = YES;
				CLANG_WARN_COMMA = YES;
				CLANG_WARN_CONSTANT_CONVERSION = YES;
				CLANG_WARN_DEPRECATED_OBJC_IMPLEMENTATIONS = YES;
				CLANG_WARN_DIRECT_OBJC_ISA_USAGE = YES_ERROR;
				CLANG_WARN_DOCUMENTATION_COMMENTS = YES;
				CLANG_WARN_EMPTY_BODY = YES;
				CLANG_WARN_ENUM_CONVERSION = YES;
				CLANG_WARN_INFINITE_RECURSION = YES;
				CLANG_WARN_INT_CONVERSION = YES;
				CLANG_WARN_NON_LITERAL_NULL_CONVERSION = YES;
				CLANG_WARN_OBJC_IMPLICIT_RETAIN_SELF = YES;
				CLANG_WARN_OBJC_LITERAL_CONVERSION = YES;
				CLANG_WARN_OBJC_ROOT_CLASS = YES_ERROR;
				CLANG_WARN_QUOTED_INCLUDE_IN_FRAMEWORK_HEADER = YES;
				CLANG_WARN_RANGE_LOOP_ANALYSIS = YES;
				CLANG_WARN_STRICT_PROTOTYPES = YES;
				CLANG_WARN_SUSPICIOUS_MOVE = YES;
				CLANG_WARN_UNGUARDED_AVAILABILITY = YES_AGGRESSIVE;
				CLANG_WARN_UNREACHABLE_CODE = YES;
				CLANG_WARN__DUPLICATE_METHOD_MATCH = YES;
				COPY_PHASE_STRIP = NO;
				DEBUG_INFORMATION_FORMAT = "dwarf-with-dsym";
				ENABLE_NS_ASSERTIONS = NO;
				ENABLE_STRICT_OBJC_MSGSEND = YES;
				GCC_C_LANGUAGE_STANDARD = gnu11;
				GCC_NO_COMMON_BLOCKS = YES;
				GCC_WARN_64_TO_32_BIT_CONVERSION = YES;
				GCC_WARN_ABOUT_RETURN_TYPE = YES_ERROR;
				GCC_WARN_UNDECLARED_SELECTOR = YES;
				GCC_WARN_UNINITIALIZED_AUTOS = YES_AGGRESSIVE;
				GCC_WARN_UNUSED_FUNCTION = YES;
				GCC_WARN_UNUSED_VARIABLE = YES;
				MACOSX_DEPLOYMENT_TARGET = 11.1;
				MTL_ENABLE_DEBUG_INFO = NO;
				MTL_FAST_MATH = YES;
				SDKROOT = macosx;
				SWIFT_COMPILATION_MODE = wholemodule;
				SWIFT_OPTIMIZATION_LEVEL = "-O";
			};
			name = Release;
		};
		0E20462825F3827F00BAFDA1 /* Debug */ = {
			isa = XCBuildConfiguration;
			buildSettings = {
				CODE_SIGN_STYLE = Automatic;
				DEVELOPMENT_TEAM = HK4D772C6B;
				ENABLE_HARDENED_RUNTIME = YES;
				PRODUCT_NAME = "$(TARGET_NAME)";
				SWIFT_VERSION = 5.0;
			};
			name = Debug;
		};
		0E20462925F3827F00BAFDA1 /* Release */ = {
			isa = XCBuildConfiguration;
			buildSettings = {
				CODE_SIGN_STYLE = Automatic;
				DEVELOPMENT_TEAM = HK4D772C6B;
				ENABLE_HARDENED_RUNTIME = YES;
				PRODUCT_NAME = "$(TARGET_NAME)";
				SWIFT_VERSION = 5.0;
			};
			name = Release;
		};
		0E20463F25F3909200BAFDA1 /* Debug */ = {
			isa = XCBuildConfiguration;
			buildSettings = {
				CLANG_ENABLE_MODULES = YES;
				CODE_SIGN_STYLE = Automatic;
				COMBINE_HIDPI_IMAGES = YES;
				DEVELOPMENT_TEAM = HK4D772C6B;
				INFOPLIST_FILE = "monkey-swift-test/Info.plist";
				LD_RUNPATH_SEARCH_PATHS = (
					"$(inherited)",
					"@executable_path/../Frameworks",
					"@loader_path/../Frameworks",
				);
				PRODUCT_BUNDLE_IDENTIFIER = "room705.monkey-swift-test";
				PRODUCT_NAME = "$(TARGET_NAME)";
				SWIFT_OPTIMIZATION_LEVEL = "-Onone";
				SWIFT_VERSION = 5.0;
			};
			name = Debug;
		};
		0E20464025F3909200BAFDA1 /* Release */ = {
			isa = XCBuildConfiguration;
			buildSettings = {
				CLANG_ENABLE_MODULES = YES;
				CODE_SIGN_STYLE = Automatic;
				COMBINE_HIDPI_IMAGES = YES;
				DEVELOPMENT_TEAM = HK4D772C6B;
				INFOPLIST_FILE = "monkey-swift-test/Info.plist";
				LD_RUNPATH_SEARCH_PATHS = (
					"$(inherited)",
					"@executable_path/../Frameworks",
					"@loader_path/../Frameworks",
				);
				PRODUCT_BUNDLE_IDENTIFIER = "room705.monkey-swift-test";
				PRODUCT_NAME = "$(TARGET_NAME)";
				SWIFT_VERSION = 5.0;
			};
			name = Release;
		};
		0E20464F25F3918E00BAFDA1 /* Debug */ = {
			isa = XCBuildConfiguration;
			buildSettings = {
				CODE_SIGN_STYLE = Automatic;
				COMBINE_HIDPI_IMAGES = YES;
				DEVELOPMENT_TEAM = HK4D772C6B;
				INFOPLIST_FILE = "monkey-testing/Info.plist";
				LD_RUNPATH_SEARCH_PATHS = (
					"$(inherited)",
					"@executable_path/../Frameworks",
					"@loader_path/../Frameworks",
				);
				PRODUCT_BUNDLE_IDENTIFIER = "room705.monkey-testing";
				PRODUCT_NAME = "$(TARGET_NAME)";
				SWIFT_VERSION = 5.0;
			};
			name = Debug;
		};
		0E20465025F3918E00BAFDA1 /* Release */ = {
			isa = XCBuildConfiguration;
			buildSettings = {
				CODE_SIGN_STYLE = Automatic;
				COMBINE_HIDPI_IMAGES = YES;
				DEVELOPMENT_TEAM = HK4D772C6B;
				INFOPLIST_FILE = "monkey-testing/Info.plist";
				LD_RUNPATH_SEARCH_PATHS = (
					"$(inherited)",
					"@executable_path/../Frameworks",
					"@loader_path/../Frameworks",
				);
				PRODUCT_BUNDLE_IDENTIFIER = "room705.monkey-testing";
				PRODUCT_NAME = "$(TARGET_NAME)";
				SWIFT_VERSION = 5.0;
			};
			name = Release;
		};
/* End XCBuildConfiguration section */

/* Begin XCConfigurationList section */
		0E20461B25F3827E00BAFDA1 /* Build configuration list for PBXProject "monkey-swift" */ = {
			isa = XCConfigurationList;
			buildConfigurations = (
				0E20462525F3827F00BAFDA1 /* Debug */,
				0E20462625F3827F00BAFDA1 /* Release */,
			);
			defaultConfigurationIsVisible = 0;
			defaultConfigurationName = Release;
		};
		0E20462725F3827F00BAFDA1 /* Build configuration list for PBXNativeTarget "monkey-swift" */ = {
			isa = XCConfigurationList;
			buildConfigurations = (
				0E20462825F3827F00BAFDA1 /* Debug */,
				0E20462925F3827F00BAFDA1 /* Release */,
			);
			defaultConfigurationIsVisible = 0;
			defaultConfigurationName = Release;
		};
		0E20463E25F3909200BAFDA1 /* Build configuration list for PBXNativeTarget "monkey-swift-test" */ = {
			isa = XCConfigurationList;
			buildConfigurations = (
				0E20463F25F3909200BAFDA1 /* Debug */,
				0E20464025F3909200BAFDA1 /* Release */,
			);
			defaultConfigurationIsVisible = 0;
			defaultConfigurationName = Release;
		};
		0E20464E25F3918E00BAFDA1 /* Build configuration list for PBXNativeTarget "monkey-testing" */ = {
			isa = XCConfigurationList;
			buildConfigurations = (
				0E20464F25F3918E00BAFDA1 /* Debug */,
				0E20465025F3918E00BAFDA1 /* Release */,
			);
			defaultConfigurationIsVisible = 0;
			defaultConfigurationName = Release;
		};
/* End XCConfigurationList section */
	};
	rootObject = 0E20461825F3827E00BAFDA1 /* Project object */;
}
