// !$*UTF8*$!
{
	archiveVersion = 1;
	classes = {
	};
	objectVersion = 50;
	objects = {

/* Begin PBXBuildFile section */
		0E44343825FCCDB3003A97D2 /* LexerTest.swift in Sources */ = {isa = PBXBuildFile; fileRef = 0E44343725FCCDB3003A97D2 /* LexerTest.swift */; };
		0E44343B25FCCEAD003A97D2 /* Lexer.swift in Sources */ = {isa = PBXBuildFile; fileRef = 98BCE7FB25F8FA7900600211 /* Lexer.swift */; };
		0E44343E25FCCEB6003A97D2 /* TokenType.swift in Sources */ = {isa = PBXBuildFile; fileRef = 98BCE7F825F8FA7900600211 /* TokenType.swift */; };
		0E44344125FCCEB8003A97D2 /* Token.swift in Sources */ = {isa = PBXBuildFile; fileRef = 98BCE7F925F8FA7900600211 /* Token.swift */; };
		0E44344525FCD009003A97D2 /* ParserTest.swift in Sources */ = {isa = PBXBuildFile; fileRef = 0E44344425FCD009003A97D2 /* ParserTest.swift */; };
		0E44344B25FCD321003A97D2 /* Parser.swift in Sources */ = {isa = PBXBuildFile; fileRef = 0E44344A25FCD321003A97D2 /* Parser.swift */; };
		0E44345125FCD82F003A97D2 /* Ast.swift in Sources */ = {isa = PBXBuildFile; fileRef = 0E44345025FCD82F003A97D2 /* Ast.swift */; };
		0E44345425FCE466003A97D2 /* Ast.swift in Sources */ = {isa = PBXBuildFile; fileRef = 0E44345025FCD82F003A97D2 /* Ast.swift */; };
		0E4F6BBD26668DA5006140B0 /* Environment.swift in Sources */ = {isa = PBXBuildFile; fileRef = 0E4F6BBC26668DA5006140B0 /* Environment.swift */; };
		0E4F6BBE26669153006140B0 /* Environment.swift in Sources */ = {isa = PBXBuildFile; fileRef = 0E4F6BBC26668DA5006140B0 /* Environment.swift */; };
		0E6B51D7264816670042ED5B /* Evaluator.swift in Sources */ = {isa = PBXBuildFile; fileRef = 0E6B51D6264816670042ED5B /* Evaluator.swift */; };
		0E6B51D9264816810042ED5B /* EvaluatorTest.swift in Sources */ = {isa = PBXBuildFile; fileRef = 0E6B51D8264816810042ED5B /* EvaluatorTest.swift */; };
		0E6B51DA264828EA0042ED5B /* Evaluator.swift in Sources */ = {isa = PBXBuildFile; fileRef = 0E6B51D6264816670042ED5B /* Evaluator.swift */; };
		0E8C04EC261076B300CEFB9D /* AstTest.swift in Sources */ = {isa = PBXBuildFile; fileRef = 0E8C04EB261076B300CEFB9D /* AstTest.swift */; };
		0EA41FF92639B82F00CDC676 /* Object.swift in Sources */ = {isa = PBXBuildFile; fileRef = 0EA41FF82639B82F00CDC676 /* Object.swift */; };
		0EA41FFA2639B82F00CDC676 /* Object.swift in Sources */ = {isa = PBXBuildFile; fileRef = 0EA41FF82639B82F00CDC676 /* Object.swift */; };
		0EA41FFB2639B84F00CDC676 /* Parser.swift in Sources */ = {isa = PBXBuildFile; fileRef = 0E44344A25FCD321003A97D2 /* Parser.swift */; };
		0EF20F4A26901D21006C45F5 /* ObjectTest.swift in Sources */ = {isa = PBXBuildFile; fileRef = 0EF20F4926901D21006C45F5 /* ObjectTest.swift */; };
		98BCE7F025F8F90B00600211 /* utils.swift in Sources */ = {isa = PBXBuildFile; fileRef = 98BCE7EF25F8F90B00600211 /* utils.swift */; };
		98BCE7FF25F8FA7900600211 /* TokenType.swift in Sources */ = {isa = PBXBuildFile; fileRef = 98BCE7F825F8FA7900600211 /* TokenType.swift */; };
		98BCE80025F8FA7900600211 /* Token.swift in Sources */ = {isa = PBXBuildFile; fileRef = 98BCE7F925F8FA7900600211 /* Token.swift */; };
		98BCE80125F8FA7900600211 /* Lexer.swift in Sources */ = {isa = PBXBuildFile; fileRef = 98BCE7FB25F8FA7900600211 /* Lexer.swift */; };
		98BCE80225F8FA7900600211 /* ConsoleIO.swift in Sources */ = {isa = PBXBuildFile; fileRef = 98BCE7FD25F8FA7900600211 /* ConsoleIO.swift */; };
		98BCE80325F8FA7900600211 /* Repl.swift in Sources */ = {isa = PBXBuildFile; fileRef = 98BCE7FE25F8FA7900600211 /* Repl.swift */; };
/* End PBXBuildFile section */

/* Begin PBXCopyFilesBuildPhase section */
		98BCE7EA25F8F90B00600211 /* CopyFiles */ = {
			isa = PBXCopyFilesBuildPhase;
			buildActionMask = 2147483647;
			dstPath = /usr/share/man/man1/;
			dstSubfolderSpec = 0;
			files = (
			);
			runOnlyForDeploymentPostprocessing = 1;
		};
/* End PBXCopyFilesBuildPhase section */

/* Begin PBXFileReference section */
		0E44342D25FCCD83003A97D2 /* MonkeySwiftUnitTest.xctest */ = {isa = PBXFileReference; explicitFileType = wrapper.cfbundle; includeInIndex = 0; path = MonkeySwiftUnitTest.xctest; sourceTree = BUILT_PRODUCTS_DIR; };
		0E44343125FCCD83003A97D2 /* Info.plist */ = {isa = PBXFileReference; lastKnownFileType = text.plist.xml; path = Info.plist; sourceTree = "<group>"; };
		0E44343725FCCDB3003A97D2 /* LexerTest.swift */ = {isa = PBXFileReference; lastKnownFileType = sourcecode.swift; path = LexerTest.swift; sourceTree = "<group>"; };
		0E44344425FCD009003A97D2 /* ParserTest.swift */ = {isa = PBXFileReference; lastKnownFileType = sourcecode.swift; path = ParserTest.swift; sourceTree = "<group>"; };
		0E44344A25FCD321003A97D2 /* Parser.swift */ = {isa = PBXFileReference; lastKnownFileType = sourcecode.swift; path = Parser.swift; sourceTree = "<group>"; };
		0E44345025FCD82F003A97D2 /* Ast.swift */ = {isa = PBXFileReference; lastKnownFileType = sourcecode.swift; path = Ast.swift; sourceTree = "<group>"; };
		0E4F6BBC26668DA5006140B0 /* Environment.swift */ = {isa = PBXFileReference; lastKnownFileType = sourcecode.swift; path = Environment.swift; sourceTree = "<group>"; };
		0E6B51D6264816670042ED5B /* Evaluator.swift */ = {isa = PBXFileReference; lastKnownFileType = sourcecode.swift; path = Evaluator.swift; sourceTree = "<group>"; };
		0E6B51D8264816810042ED5B /* EvaluatorTest.swift */ = {isa = PBXFileReference; lastKnownFileType = sourcecode.swift; path = EvaluatorTest.swift; sourceTree = "<group>"; };
		0E8C04EB261076B300CEFB9D /* AstTest.swift */ = {isa = PBXFileReference; lastKnownFileType = sourcecode.swift; path = AstTest.swift; sourceTree = "<group>"; };
		0EA41FF82639B82F00CDC676 /* Object.swift */ = {isa = PBXFileReference; lastKnownFileType = sourcecode.swift; path = Object.swift; sourceTree = "<group>"; };
		0EF20F4926901D21006C45F5 /* ObjectTest.swift */ = {isa = PBXFileReference; lastKnownFileType = sourcecode.swift; path = ObjectTest.swift; sourceTree = "<group>"; };
		98BCE7EC25F8F90B00600211 /* MonkeySwift */ = {isa = PBXFileReference; explicitFileType = "compiled.mach-o.executable"; includeInIndex = 0; path = MonkeySwift; sourceTree = BUILT_PRODUCTS_DIR; };
		98BCE7EF25F8F90B00600211 /* utils.swift */ = {isa = PBXFileReference; lastKnownFileType = sourcecode.swift; path = utils.swift; sourceTree = "<group>"; };
		98BCE7F825F8FA7900600211 /* TokenType.swift */ = {isa = PBXFileReference; fileEncoding = 4; lastKnownFileType = sourcecode.swift; path = TokenType.swift; sourceTree = "<group>"; };
		98BCE7F925F8FA7900600211 /* Token.swift */ = {isa = PBXFileReference; fileEncoding = 4; lastKnownFileType = sourcecode.swift; path = Token.swift; sourceTree = "<group>"; };
		98BCE7FB25F8FA7900600211 /* Lexer.swift */ = {isa = PBXFileReference; fileEncoding = 4; lastKnownFileType = sourcecode.swift; path = Lexer.swift; sourceTree = "<group>"; };
		98BCE7FD25F8FA7900600211 /* ConsoleIO.swift */ = {isa = PBXFileReference; fileEncoding = 4; lastKnownFileType = sourcecode.swift; path = ConsoleIO.swift; sourceTree = "<group>"; };
		98BCE7FE25F8FA7900600211 /* Repl.swift */ = {isa = PBXFileReference; fileEncoding = 4; lastKnownFileType = sourcecode.swift; path = Repl.swift; sourceTree = "<group>"; };
/* End PBXFileReference section */

/* Begin PBXFrameworksBuildPhase section */
		0E44342A25FCCD83003A97D2 /* Frameworks */ = {
			isa = PBXFrameworksBuildPhase;
			buildActionMask = 2147483647;
			files = (
			);
			runOnlyForDeploymentPostprocessing = 0;
		};
		98BCE7E925F8F90B00600211 /* Frameworks */ = {
			isa = PBXFrameworksBuildPhase;
			buildActionMask = 2147483647;
			files = (
			);
			runOnlyForDeploymentPostprocessing = 0;
		};
/* End PBXFrameworksBuildPhase section */

/* Begin PBXGroup section */
		0E44342E25FCCD83003A97D2 /* MonkeySwiftUnitTest */ = {
			isa = PBXGroup;
			children = (
				0E44343125FCCD83003A97D2 /* Info.plist */,
				0E44343725FCCDB3003A97D2 /* LexerTest.swift */,
				0E44344425FCD009003A97D2 /* ParserTest.swift */,
				0E8C04EB261076B300CEFB9D /* AstTest.swift */,
				0E6B51D8264816810042ED5B /* EvaluatorTest.swift */,
				0EF20F4926901D21006C45F5 /* ObjectTest.swift */,
			);
			path = MonkeySwiftUnitTest;
			sourceTree = "<group>";
		};
		0E44344825FCD2EC003A97D2 /* Ast */ = {
			isa = PBXGroup;
			children = (
				0E44345025FCD82F003A97D2 /* Ast.swift */,
			);
			path = Ast;
			sourceTree = "<group>";
		};
		0E44344925FCD305003A97D2 /* Parser */ = {
			isa = PBXGroup;
			children = (
				0E44344A25FCD321003A97D2 /* Parser.swift */,
			);
			path = Parser;
			sourceTree = "<group>";
		};
		0E6B51D52648163A0042ED5B /* Evaluator */ = {
			isa = PBXGroup;
			children = (
				0E6B51D6264816670042ED5B /* Evaluator.swift */,
			);
			path = Evaluator;
			sourceTree = "<group>";
		};
		0EA41FF72639B81400CDC676 /* Object */ = {
			isa = PBXGroup;
			children = (
				0EA41FF82639B82F00CDC676 /* Object.swift */,
				0E4F6BBC26668DA5006140B0 /* Environment.swift */,
			);
			path = Object;
			sourceTree = "<group>";
		};
		98BCE7E325F8F90B00600211 = {
			isa = PBXGroup;
			children = (
				98BCE7EE25F8F90B00600211 /* MonkeySwift */,
				0E44342E25FCCD83003A97D2 /* MonkeySwiftUnitTest */,
				98BCE7ED25F8F90B00600211 /* Products */,
			);
			sourceTree = "<group>";
		};
		98BCE7ED25F8F90B00600211 /* Products */ = {
			isa = PBXGroup;
			children = (
				98BCE7EC25F8F90B00600211 /* MonkeySwift */,
				0E44342D25FCCD83003A97D2 /* MonkeySwiftUnitTest.xctest */,
			);
			name = Products;
			sourceTree = "<group>";
		};
		98BCE7EE25F8F90B00600211 /* MonkeySwift */ = {
			isa = PBXGroup;
			children = (
				0E6B51D52648163A0042ED5B /* Evaluator */,
				0EA41FF72639B81400CDC676 /* Object */,
				0E44344925FCD305003A97D2 /* Parser */,
				0E44344825FCD2EC003A97D2 /* Ast */,
				98BCE7FA25F8FA7900600211 /* Lexer */,
				98BCE7FC25F8FA7900600211 /* Repl */,
				98BCE7F725F8FA7900600211 /* Token */,
				98BCE7EF25F8F90B00600211 /* utils.swift */,
			);
			path = MonkeySwift;
			sourceTree = "<group>";
		};
		98BCE7F725F8FA7900600211 /* Token */ = {
			isa = PBXGroup;
			children = (
				98BCE7F825F8FA7900600211 /* TokenType.swift */,
				98BCE7F925F8FA7900600211 /* Token.swift */,
			);
			path = Token;
			sourceTree = "<group>";
		};
		98BCE7FA25F8FA7900600211 /* Lexer */ = {
			isa = PBXGroup;
			children = (
				98BCE7FB25F8FA7900600211 /* Lexer.swift */,
			);
			path = Lexer;
			sourceTree = "<group>";
		};
		98BCE7FC25F8FA7900600211 /* Repl */ = {
			isa = PBXGroup;
			children = (
				98BCE7FD25F8FA7900600211 /* ConsoleIO.swift */,
				98BCE7FE25F8FA7900600211 /* Repl.swift */,
			);
			path = Repl;
			sourceTree = "<group>";
		};
/* End PBXGroup section */

/* Begin PBXNativeTarget section */
		0E44342C25FCCD83003A97D2 /* MonkeySwiftUnitTest */ = {
			isa = PBXNativeTarget;
			buildConfigurationList = 0E44343225FCCD83003A97D2 /* Build configuration list for PBXNativeTarget "MonkeySwiftUnitTest" */;
			buildPhases = (
				0E44342925FCCD83003A97D2 /* Sources */,
				0E44342A25FCCD83003A97D2 /* Frameworks */,
				0E44342B25FCCD83003A97D2 /* Resources */,
			);
			buildRules = (
			);
			dependencies = (
			);
			name = MonkeySwiftUnitTest;
			productName = MonkeySwiftUnitTest;
			productReference = 0E44342D25FCCD83003A97D2 /* MonkeySwiftUnitTest.xctest */;
			productType = "com.apple.product-type.bundle.unit-test";
		};
		98BCE7EB25F8F90B00600211 /* MonkeySwift */ = {
			isa = PBXNativeTarget;
			buildConfigurationList = 98BCE7F325F8F90B00600211 /* Build configuration list for PBXNativeTarget "MonkeySwift" */;
			buildPhases = (
				98BCE7E825F8F90B00600211 /* Sources */,
				98BCE7E925F8F90B00600211 /* Frameworks */,
				98BCE7EA25F8F90B00600211 /* CopyFiles */,
			);
			buildRules = (
			);
			dependencies = (
			);
			name = MonkeySwift;
			productName = MonkeySwift;
			productReference = 98BCE7EC25F8F90B00600211 /* MonkeySwift */;
			productType = "com.apple.product-type.tool";
		};
/* End PBXNativeTarget section */

/* Begin PBXProject section */
		98BCE7E425F8F90B00600211 /* Project object */ = {
			isa = PBXProject;
			attributes = {
				LastSwiftUpdateCheck = 1240;
				LastUpgradeCheck = 1240;
				TargetAttributes = {
					0E44342C25FCCD83003A97D2 = {
						CreatedOnToolsVersion = 12.4;
						LastSwiftMigration = 1240;
					};
					98BCE7EB25F8F90B00600211 = {
						CreatedOnToolsVersion = 12.4;
					};
				};
			};
			buildConfigurationList = 98BCE7E725F8F90B00600211 /* Build configuration list for PBXProject "MonkeySwift" */;
			compatibilityVersion = "Xcode 9.3";
			developmentRegion = en;
			hasScannedForEncodings = 0;
			knownRegions = (
				en,
				Base,
			);
			mainGroup = 98BCE7E325F8F90B00600211;
			productRefGroup = 98BCE7ED25F8F90B00600211 /* Products */;
			projectDirPath = "";
			projectRoot = "";
			targets = (
				98BCE7EB25F8F90B00600211 /* MonkeySwift */,
				0E44342C25FCCD83003A97D2 /* MonkeySwiftUnitTest */,
			);
		};
/* End PBXProject section */

/* Begin PBXResourcesBuildPhase section */
		0E44342B25FCCD83003A97D2 /* Resources */ = {
			isa = PBXResourcesBuildPhase;
			buildActionMask = 2147483647;
			files = (
			);
			runOnlyForDeploymentPostprocessing = 0;
		};
/* End PBXResourcesBuildPhase section */

/* Begin PBXSourcesBuildPhase section */
		0E44342925FCCD83003A97D2 /* Sources */ = {
			isa = PBXSourcesBuildPhase;
			buildActionMask = 2147483647;
			files = (
				0E8C04EC261076B300CEFB9D /* AstTest.swift in Sources */,
				0E4F6BBE26669153006140B0 /* Environment.swift in Sources */,
				0E6B51D9264816810042ED5B /* EvaluatorTest.swift in Sources */,
				0E44343E25FCCEB6003A97D2 /* TokenType.swift in Sources */,
				0E44343B25FCCEAD003A97D2 /* Lexer.swift in Sources */,
				0E44345425FCE466003A97D2 /* Ast.swift in Sources */,
				0EA41FFA2639B82F00CDC676 /* Object.swift in Sources */,
				0EA41FFB2639B84F00CDC676 /* Parser.swift in Sources */,
				0E6B51DA264828EA0042ED5B /* Evaluator.swift in Sources */,
				0EF20F4A26901D21006C45F5 /* ObjectTest.swift in Sources */,
				0E44344525FCD009003A97D2 /* ParserTest.swift in Sources */,
				0E44343825FCCDB3003A97D2 /* LexerTest.swift in Sources */,
				0E44344125FCCEB8003A97D2 /* Token.swift in Sources */,
			);
			runOnlyForDeploymentPostprocessing = 0;
		};
		98BCE7E825F8F90B00600211 /* Sources */ = {
			isa = PBXSourcesBuildPhase;
			buildActionMask = 2147483647;
			files = (
				98BCE80325F8FA7900600211 /* Repl.swift in Sources */,
				98BCE80225F8FA7900600211 /* ConsoleIO.swift in Sources */,
				98BCE80025F8FA7900600211 /* Token.swift in Sources */,
				98BCE7F025F8F90B00600211 /* utils.swift in Sources */,
				0EA41FF92639B82F00CDC676 /* Object.swift in Sources */,
				0E6B51D7264816670042ED5B /* Evaluator.swift in Sources */,
				0E44345125FCD82F003A97D2 /* Ast.swift in Sources */,
				0E4F6BBD26668DA5006140B0 /* Environment.swift in Sources */,
				98BCE80125F8FA7900600211 /* Lexer.swift in Sources */,
				98BCE7FF25F8FA7900600211 /* TokenType.swift in Sources */,
				0E44344B25FCD321003A97D2 /* Parser.swift in Sources */,
			);
			runOnlyForDeploymentPostprocessing = 0;
		};
/* End PBXSourcesBuildPhase section */

/* Begin XCBuildConfiguration section */
		0E44343325FCCD83003A97D2 /* Debug */ = {
			isa = XCBuildConfiguration;
			buildSettings = {
				CLANG_ENABLE_MODULES = YES;
				CODE_SIGN_STYLE = Automatic;
				COMBINE_HIDPI_IMAGES = YES;
				DEVELOPMENT_TEAM = "";
				INFOPLIST_FILE = MonkeySwiftUnitTest/Info.plist;
				LD_RUNPATH_SEARCH_PATHS = (
					"$(inherited)",
					"@executable_path/../Frameworks",
					"@loader_path/../Frameworks",
				);
				PRODUCT_BUNDLE_IDENTIFIER = room705.MonkeySwiftUnitTest;
				PRODUCT_NAME = "$(TARGET_NAME)";
				SWIFT_OPTIMIZATION_LEVEL = "-Onone";
				SWIFT_VERSION = 5.0;
			};
			name = Debug;
		};
		0E44343425FCCD83003A97D2 /* Release */ = {
			isa = XCBuildConfiguration;
			buildSettings = {
				CLANG_ENABLE_MODULES = YES;
				CODE_SIGN_STYLE = Automatic;
				COMBINE_HIDPI_IMAGES = YES;
				DEVELOPMENT_TEAM = "";
				INFOPLIST_FILE = MonkeySwiftUnitTest/Info.plist;
				LD_RUNPATH_SEARCH_PATHS = (
					"$(inherited)",
					"@executable_path/../Frameworks",
					"@loader_path/../Frameworks",
				);
				PRODUCT_BUNDLE_IDENTIFIER = room705.MonkeySwiftUnitTest;
				PRODUCT_NAME = "$(TARGET_NAME)";
				SWIFT_VERSION = 5.0;
			};
			name = Release;
		};
		98BCE7F125F8F90B00600211 /* Debug */ = {
			isa = XCBuildConfiguration;
			buildSettings = {
				ALWAYS_SEARCH_USER_PATHS = NO;
				CLANG_ANALYZER_NONNULL = YES;
				CLANG_ANALYZER_NUMBER_OBJECT_CONVERSION = YES_AGGRESSIVE;
				CLANG_CXX_LANGUAGE_STANDARD = "gnu++14";
				CLANG_CXX_LIBRARY = "libc++";
				CLANG_ENABLE_MODULES = YES;
				CLANG_ENABLE_OBJC_ARC = YES;
				CLANG_ENABLE_OBJC_WEAK = YES;
				CLANG_WARN_BLOCK_CAPTURE_AUTORELEASING = YES;
				CLANG_WARN_BOOL_CONVERSION = YES;
				CLANG_WARN_COMMA = YES;
				CLANG_WARN_CONSTANT_CONVERSION = YES;
				CLANG_WARN_DEPRECATED_OBJC_IMPLEMENTATIONS = YES;
				CLANG_WARN_DIRECT_OBJC_ISA_USAGE = YES_ERROR;
				CLANG_WARN_DOCUMENTATION_COMMENTS = YES;
				CLANG_WARN_EMPTY_BODY = YES;
				CLANG_WARN_ENUM_CONVERSION = YES;
				CLANG_WARN_INFINITE_RECURSION = YES;
				CLANG_WARN_INT_CONVERSION = YES;
				CLANG_WARN_NON_LITERAL_NULL_CONVERSION = YES;
				CLANG_WARN_OBJC_IMPLICIT_RETAIN_SELF = YES;
				CLANG_WARN_OBJC_LITERAL_CONVERSION = YES;
				CLANG_WARN_OBJC_ROOT_CLASS = YES_ERROR;
				CLANG_WARN_QUOTED_INCLUDE_IN_FRAMEWORK_HEADER = YES;
				CLANG_WARN_RANGE_LOOP_ANALYSIS = YES;
				CLANG_WARN_STRICT_PROTOTYPES = YES;
				CLANG_WARN_SUSPICIOUS_MOVE = YES;
				CLANG_WARN_UNGUARDED_AVAILABILITY = YES_AGGRESSIVE;
				CLANG_WARN_UNREACHABLE_CODE = YES;
				CLANG_WARN__DUPLICATE_METHOD_MATCH = YES;
				COPY_PHASE_STRIP = NO;
				DEBUG_INFORMATION_FORMAT = dwarf;
				ENABLE_STRICT_OBJC_MSGSEND = YES;
				ENABLE_TESTABILITY = YES;
				GCC_C_LANGUAGE_STANDARD = gnu11;
				GCC_DYNAMIC_NO_PIC = NO;
				GCC_NO_COMMON_BLOCKS = YES;
				GCC_OPTIMIZATION_LEVEL = 0;
				GCC_PREPROCESSOR_DEFINITIONS = (
					"DEBUG=1",
					"$(inherited)",
				);
				GCC_WARN_64_TO_32_BIT_CONVERSION = YES;
				GCC_WARN_ABOUT_RETURN_TYPE = YES_ERROR;
				GCC_WARN_UNDECLARED_SELECTOR = YES;
				GCC_WARN_UNINITIALIZED_AUTOS = YES_AGGRESSIVE;
				GCC_WARN_UNUSED_FUNCTION = YES;
				GCC_WARN_UNUSED_VARIABLE = YES;
				MACOSX_DEPLOYMENT_TARGET = 11.1;
				MTL_ENABLE_DEBUG_INFO = INCLUDE_SOURCE;
				MTL_FAST_MATH = YES;
				ONLY_ACTIVE_ARCH = YES;
				SDKROOT = macosx;
				SWIFT_ACTIVE_COMPILATION_CONDITIONS = DEBUG;
				SWIFT_OPTIMIZATION_LEVEL = "-Onone";
			};
			name = Debug;
		};
		98BCE7F225F8F90B00600211 /* Release */ = {
			isa = XCBuildConfiguration;
			buildSettings = {
				ALWAYS_SEARCH_USER_PATHS = NO;
				CLANG_ANALYZER_NONNULL = YES;
				CLANG_ANALYZER_NUMBER_OBJECT_CONVERSION = YES_AGGRESSIVE;
				CLANG_CXX_LANGUAGE_STANDARD = "gnu++14";
				CLANG_CXX_LIBRARY = "libc++";
				CLANG_ENABLE_MODULES = YES;
				CLANG_ENABLE_OBJC_ARC = YES;
				CLANG_ENABLE_OBJC_WEAK = YES;
				CLANG_WARN_BLOCK_CAPTURE_AUTORELEASING = YES;
				CLANG_WARN_BOOL_CONVERSION = YES;
				CLANG_WARN_COMMA = YES;
				CLANG_WARN_CONSTANT_CONVERSION = YES;
				CLANG_WARN_DEPRECATED_OBJC_IMPLEMENTATIONS = YES;
				CLANG_WARN_DIRECT_OBJC_ISA_USAGE = YES_ERROR;
				CLANG_WARN_DOCUMENTATION_COMMENTS = YES;
				CLANG_WARN_EMPTY_BODY = YES;
				CLANG_WARN_ENUM_CONVERSION = YES;
				CLANG_WARN_INFINITE_RECURSION = YES;
				CLANG_WARN_INT_CONVERSION = YES;
				CLANG_WARN_NON_LITERAL_NULL_CONVERSION = YES;
				CLANG_WARN_OBJC_IMPLICIT_RETAIN_SELF = YES;
				CLANG_WARN_OBJC_LITERAL_CONVERSION = YES;
				CLANG_WARN_OBJC_ROOT_CLASS = YES_ERROR;
				CLANG_WARN_QUOTED_INCLUDE_IN_FRAMEWORK_HEADER = YES;
				CLANG_WARN_RANGE_LOOP_ANALYSIS = YES;
				CLANG_WARN_STRICT_PROTOTYPES = YES;
				CLANG_WARN_SUSPICIOUS_MOVE = YES;
				CLANG_WARN_UNGUARDED_AVAILABILITY = YES_AGGRESSIVE;
				CLANG_WARN_UNREACHABLE_CODE = YES;
				CLANG_WARN__DUPLICATE_METHOD_MATCH = YES;
				COPY_PHASE_STRIP = NO;
				DEBUG_INFORMATION_FORMAT = "dwarf-with-dsym";
				ENABLE_NS_ASSERTIONS = NO;
				ENABLE_STRICT_OBJC_MSGSEND = YES;
				GCC_C_LANGUAGE_STANDARD = gnu11;
				GCC_NO_COMMON_BLOCKS = YES;
				GCC_WARN_64_TO_32_BIT_CONVERSION = YES;
				GCC_WARN_ABOUT_RETURN_TYPE = YES_ERROR;
				GCC_WARN_UNDECLARED_SELECTOR = YES;
				GCC_WARN_UNINITIALIZED_AUTOS = YES_AGGRESSIVE;
				GCC_WARN_UNUSED_FUNCTION = YES;
				GCC_WARN_UNUSED_VARIABLE = YES;
				MACOSX_DEPLOYMENT_TARGET = 11.1;
				MTL_ENABLE_DEBUG_INFO = NO;
				MTL_FAST_MATH = YES;
				SDKROOT = macosx;
				SWIFT_COMPILATION_MODE = wholemodule;
				SWIFT_OPTIMIZATION_LEVEL = "-O";
			};
			name = Release;
		};
		98BCE7F425F8F90B00600211 /* Debug */ = {
			isa = XCBuildConfiguration;
			buildSettings = {
				CODE_SIGN_STYLE = Automatic;
				GCC_SYMBOLS_PRIVATE_EXTERN = NO;
				PRODUCT_NAME = "$(TARGET_NAME)";
				SWIFT_VERSION = 5.0;
			};
			name = Debug;
		};
		98BCE7F525F8F90B00600211 /* Release */ = {
			isa = XCBuildConfiguration;
			buildSettings = {
				CODE_SIGN_STYLE = Automatic;
				GCC_SYMBOLS_PRIVATE_EXTERN = NO;
				PRODUCT_NAME = "$(TARGET_NAME)";
				SWIFT_VERSION = 5.0;
			};
			name = Release;
		};
/* End XCBuildConfiguration section */

/* Begin XCConfigurationList section */
		0E44343225FCCD83003A97D2 /* Build configuration list for PBXNativeTarget "MonkeySwiftUnitTest" */ = {
			isa = XCConfigurationList;
			buildConfigurations = (
				0E44343325FCCD83003A97D2 /* Debug */,
				0E44343425FCCD83003A97D2 /* Release */,
			);
			defaultConfigurationIsVisible = 0;
			defaultConfigurationName = Release;
		};
		98BCE7E725F8F90B00600211 /* Build configuration list for PBXProject "MonkeySwift" */ = {
			isa = XCConfigurationList;
			buildConfigurations = (
				98BCE7F125F8F90B00600211 /* Debug */,
				98BCE7F225F8F90B00600211 /* Release */,
			);
			defaultConfigurationIsVisible = 0;
			defaultConfigurationName = Release;
		};
		98BCE7F325F8F90B00600211 /* Build configuration list for PBXNativeTarget "MonkeySwift" */ = {
			isa = XCConfigurationList;
			buildConfigurations = (
				98BCE7F425F8F90B00600211 /* Debug */,
				98BCE7F525F8F90B00600211 /* Release */,
			);
			defaultConfigurationIsVisible = 0;
			defaultConfigurationName = Release;
		};
/* End XCConfigurationList section */
	};
	rootObject = 98BCE7E425F8F90B00600211 /* Project object */;
}
